# THIS IS AN AUTOGENERATED FILE. DO NOT EDIT THIS FILE DIRECTLY.
# yarn lockfile v1


"@babel/helper-string-parser@^7.25.9":
  version "7.25.9"

"@babel/helper-validator-identifier@^7.25.9":
  version "7.25.9"

"@babel/parser@^7.29.0":
  version "7.29.0"
  resolved "https://registry.yarnpkg.com/@babel/parser/-/parser-7.29.0.tgz#669ef345add7d057e92b7ed15f0bac07611831b6"
  integrity sha512-IyDgFV5GeDUVX4YdF/3CPULtVGSXXMLh1xVIgdCgxApktqnQV0r7/8Nqthg+8YLGaAtdyIlo2qIdZrbCv4+7ww==
  dependencies:
    "@babel/types" "^7.26.8"

"@babel/types@^7.26.8":
  version "7.26.8"
  dependencies:
    "@babel/helper-string-parser" "^7.25.9"
    "@babel/helper-validator-identifier" "^7.25.9"

"@esbuild/linux-x64@0.27.2":
  version "0.27.2"
  resolved "https://registry.npmjs.org/@esbuild/linux-x64/-/linux-x64-0.27.2.tgz"
  integrity sha512-uwp2Tip5aPmH+NRUwTcfLb+W32WXjpFejTIOWZFw/v7/KnpCDKG66u4DLcurQpiYTiYwQ9B7KOeMJvLCu/OvbA==

"@jridgewell/gen-mapping@^0.3.5":
  version "0.3.8"
  dependencies:
    "@jridgewell/set-array" "^1.2.1"
    "@jridgewell/sourcemap-codec" "^1.4.10"
    "@jridgewell/trace-mapping" "^0.3.24"

"@jridgewell/resolve-uri@^3.1.0":
  version "3.1.2"

"@jridgewell/set-array@^1.2.1":
  version "1.2.1"

"@jridgewell/source-map@^0.3.3":
  version "0.3.6"
  dependencies:
    "@jridgewell/gen-mapping" "^0.3.5"
    "@jridgewell/trace-mapping" "^0.3.25"

"@jridgewell/sourcemap-codec@^1.4.10", "@jridgewell/sourcemap-codec@^1.4.14", "@jridgewell/sourcemap-codec@^1.5.0":
  version "1.5.0"

"@jridgewell/trace-mapping@^0.3.24", "@jridgewell/trace-mapping@^0.3.25":
  version "0.3.25"
  dependencies:
    "@jridgewell/resolve-uri" "^3.1.0"
    "@jridgewell/sourcemap-codec" "^1.4.14"

"@playwright/test@^1.57.0":
  version "1.57.0"
  resolved "https://registry.npmjs.org/@playwright/test/-/test-1.57.0.tgz"
  integrity sha512-6TyEnHgd6SArQO8UO2OMTxshln3QMWBtPGrOCgs3wVEmQmwyuNtB10IZMfmYDE0riwNR1cu4q+pPcxMVtaG3TA==
  dependencies:
    playwright "1.57.0"

"@rolldown/pluginutils@1.0.0-beta.53":
  version "1.0.0-beta.53"
  resolved "https://registry.npmjs.org/@rolldown/pluginutils/-/pluginutils-1.0.0-beta.53.tgz"
  integrity sha512-vENRlFU4YbrwVqNDZ7fLvy+JR1CRkyr01jhSiDpE1u6py3OMzQfztQU2jxykW3ALNxO4kSlqIDeYyD0Y9RcQeQ==

"@rollup/rollup-linux-x64-gnu@4.55.1":
  version "4.55.1"
  resolved "https://registry.npmjs.org/@rollup/rollup-linux-x64-gnu/-/rollup-linux-x64-gnu-4.55.1.tgz"
  integrity sha512-a8G4wiQxQG2BAvo+gU6XrReRRqj+pLS2NGXKm8io19goR+K8lw269eTrPkSdDTALwMmJp4th2Uh0D8J9bEV1vg==

"@rollup/rollup-linux-x64-musl@4.55.1":
  version "4.55.1"
  resolved "https://registry.npmjs.org/@rollup/rollup-linux-x64-musl/-/rollup-linux-x64-musl-4.55.1.tgz"
  integrity sha512-bD+zjpFrMpP/hqkfEcnjXWHMw5BIghGisOKPj+2NaNDuVT+8Ds4mPf3XcPHuat1tz89WRL+1wbcxKY3WSbiT7w==

"@types/estree@1.0.8":
  version "1.0.8"
  resolved "https://registry.npmjs.org/@types/estree/-/estree-1.0.8.tgz"
  integrity sha512-dWHzHa2WqEXI/O1E9OjrocMTKJl2mSrEolh1Iomrv6U+JuNwaHXsXx9bLu5gG7BUWFIN0skIQJQ/L1rIex4X6w==

"@vitejs/plugin-vue@^6.0.3":
  version "6.0.3"
  resolved "https://registry.npmjs.org/@vitejs/plugin-vue/-/plugin-vue-6.0.3.tgz"
  integrity sha512-TlGPkLFLVOY3T7fZrwdvKpjprR3s4fxRln0ORDo1VQ7HHyxJwTlrjKU3kpVWTlaAjIEuCTokmjkZnr8Tpc925w==
  dependencies:
    "@rolldown/pluginutils" "1.0.0-beta.53"

"@volar/language-core@2.4.15":
  version "2.4.15"
  resolved "https://registry.npmjs.org/@volar/language-core/-/language-core-2.4.15.tgz"
  integrity sha512-3VHw+QZU0ZG9IuQmzT68IyN4hZNd9GchGPhbD9+pa8CVv7rnoOZwo7T8weIbrRmihqy3ATpdfXFnqRrfPVK6CA==
  dependencies:
    "@volar/source-map" "2.4.15"

"@volar/source-map@2.4.15":
  version "2.4.15"
  resolved "https://registry.npmjs.org/@volar/source-map/-/source-map-2.4.15.tgz"
  integrity sha512-CPbMWlUN6hVZJYGcU/GSoHu4EnCHiLaXI9n8c9la6RaI9W5JHX+NqG+GSQcB0JdC2FIBLdZJwGsfKyBB71VlTg==

"@volar/typescript@2.4.15":
  version "2.4.15"
  resolved "https://registry.npmjs.org/@volar/typescript/-/typescript-2.4.15.tgz"
  integrity sha512-2aZ8i0cqPGjXb4BhkMsPYDkkuc2ZQ6yOpqwAuNwUoncELqoy5fRgOQtLR9gB0g902iS0NAkvpIzs27geVyVdPg==
  dependencies:
    "@volar/language-core" "2.4.15"
    path-browserify "^1.0.1"
    vscode-uri "^3.0.8"


"@vue/compiler-core@3.5.28":
  version "3.5.28"
  resolved "https://registry.yarnpkg.com/@vue/compiler-core/-/compiler-core-3.5.28.tgz#8298ab91d34b2c0d7d398384cd840471919e7e34"
  integrity sha512-kviccYxTgoE8n6OCw96BNdYlBg2GOWfBuOW4Vqwrt7mSKWKwFVvI8egdTltqRgITGPsTFYtKYfxIG8ptX2PJHQ==
  dependencies:
    "@babel/parser" "^7.29.0"
    "@vue/shared" "3.5.28"
    entities "^7.0.1"
    estree-walker "^2.0.2"
    source-map-js "^1.2.0"

"@vue/compiler-dom@3.5.28", "@vue/compiler-dom@^3.5.0":
  version "3.5.28"
  resolved "https://registry.yarnpkg.com/@vue/compiler-dom/-/compiler-dom-3.5.28.tgz#4e27b885898f4799d95305dfc56d14c2dcf8e5ba"
  integrity sha512-/1ZepxAb159jKR1btkefDP+J2xuWL5V3WtleRmxaT+K2Aqiek/Ab/+Ebrw2pPj0sdHO8ViAyyJWfhXXOP/+LQA==
  dependencies:
    "@vue/compiler-core" "3.5.28"
    "@vue/shared" "3.5.28"

"@vue/compiler-sfc@3.5.28":
  version "3.5.28"
  resolved "https://registry.yarnpkg.com/@vue/compiler-sfc/-/compiler-sfc-3.5.28.tgz#767aa5290da25a5b555d4c3cae53187159f915d6"
  integrity sha512-6TnKMiNkd6u6VeVDhZn/07KhEZuBSn43Wd2No5zaP5s3xm8IqFTHBj84HJah4UepSUJTro5SoqqlOY22FKY96g==
  dependencies:
    "@babel/parser" "^7.29.0"
    "@vue/compiler-core" "3.5.28"
    "@vue/compiler-dom" "3.5.28"
    "@vue/compiler-ssr" "3.5.28"
    "@vue/shared" "3.5.28"
    estree-walker "^2.0.2"
    magic-string "^0.30.11"
    postcss "^8.4.48"
    source-map-js "^1.2.0"

"@vue/compiler-ssr@3.5.28":
  version "3.5.28"
  resolved "https://registry.yarnpkg.com/@vue/compiler-ssr/-/compiler-ssr-3.5.28.tgz#bfd3d39b3085b77220eaa278e5fbe3c93ffbc9c2"
  integrity sha512-JCq//9w1qmC6UGLWJX7RXzrGpKkroubey/ZFqTpvEIDJEKGgntuDMqkuWiZvzTzTA5h2qZvFBFHY7fAAa9475g==
  dependencies:
    "@vue/compiler-dom" "3.5.28"
    "@vue/shared" "3.5.28"

"@vue/compiler-vue2@^2.7.16":
  version "2.7.16"
  resolved "https://registry.npmjs.org/@vue/compiler-vue2/-/compiler-vue2-2.7.16.tgz"
  integrity sha512-qYC3Psj9S/mfu9uVi5WvNZIzq+xnXMhOwbTFKKDD7b1lhpnn71jXSFdTQ+WsIEk0ONCd7VV2IMm7ONl6tbQ86A==
  dependencies:
    de-indent "^1.0.2"
    he "^1.2.0"

"@vue/devtools-api@^6.6.4":
  version "6.6.4"
  resolved "https://registry.npmjs.org/@vue/devtools-api/-/devtools-api-6.6.4.tgz"
  integrity sha512-sGhTPMuXqZ1rVOk32RylztWkfXTRhuS7vgAKv0zjqk8gbsHkJ7xfFf+jbySxt7tWObEJwyKaHMikV/WGDiQm8g==

"@vue/language-core@2.2.12":
  version "2.2.12"
  resolved "https://registry.npmjs.org/@vue/language-core/-/language-core-2.2.12.tgz"
  integrity sha512-IsGljWbKGU1MZpBPN+BvPAdr55YPkj2nB/TBNGNC32Vy2qLG25DYu/NBN2vNtZqdRbTRjaoYrahLrToim2NanA==
  dependencies:
    "@volar/language-core" "2.4.15"
    "@vue/compiler-dom" "^3.5.0"
    "@vue/compiler-vue2" "^2.7.16"
    "@vue/shared" "^3.5.0"
    alien-signals "^1.0.3"
    minimatch "^9.0.3"
    muggle-string "^0.4.1"
    path-browserify "^1.0.1"

"@vue/reactivity@3.5.28":
  version "3.5.28"
  resolved "https://registry.yarnpkg.com/@vue/reactivity/-/reactivity-3.5.28.tgz#8c6f8cf6bb3cfab94a1a7814eb6e2bf181ba8d51"
  integrity sha512-gr5hEsxvn+RNyu9/9o1WtdYdwDjg5FgjUSBEkZWqgTKlo/fvwZ2+8W6AfKsc9YN2k/+iHYdS9vZYAhpi10kNaw==
  dependencies:
    "@vue/shared" "3.5.28"

"@vue/runtime-core@3.5.28":
  version "3.5.28"
  resolved "https://registry.yarnpkg.com/@vue/runtime-core/-/runtime-core-3.5.28.tgz#f646861ac99d7b71a69c5b8e710923046ce01875"
  integrity sha512-POVHTdbgnrBBIpnbYU4y7pOMNlPn2QVxVzkvEA2pEgvzbelQq4ZOUxbp2oiyo+BOtiYlm8Q44wShHJoBvDPAjQ==
  dependencies:
    "@vue/reactivity" "3.5.28"
    "@vue/shared" "3.5.28"

"@vue/runtime-dom@3.5.28":
  version "3.5.28"
  resolved "https://registry.yarnpkg.com/@vue/runtime-dom/-/runtime-dom-3.5.28.tgz#86fba16e43ab48d959c8e8a6fb2caec5555d0fd7"
  integrity sha512-4SXxSF8SXYMuhAIkT+eBRqOkWEfPu6nhccrzrkioA6l0boiq7sp18HCOov9qWJA5HML61kW8p/cB4MmBiG9dSA==
  dependencies:
    "@vue/reactivity" "3.5.28"
    "@vue/runtime-core" "3.5.28"
    "@vue/shared" "3.5.28"
    csstype "^3.2.3"

"@vue/server-renderer@3.5.28":
  version "3.5.28"
  resolved "https://registry.yarnpkg.com/@vue/server-renderer/-/server-renderer-3.5.28.tgz#c59838d4d6fe89bec949db6ebf8625bd9264ad77"
  integrity sha512-pf+5ECKGj8fX95bNincbzJ6yp6nyzuLDhYZCeFxUNp8EBrQpPpQaLX3nNCp49+UbgbPun3CeVE+5CXVV1Xydfg==
  dependencies:
    "@vue/compiler-ssr" "3.5.28"
    "@vue/shared" "3.5.28"

"@vue/shared@3.5.28", "@vue/shared@^3.5.0":
  version "3.5.28"
  resolved "https://registry.yarnpkg.com/@vue/shared/-/shared-3.5.28.tgz#ed9b6785e9452621ad3ab2f2775e9cba494a9ef4"
  integrity sha512-cfWa1fCGBxrvaHRhvV3Is0MgmrbSCxYTXCSCau2I0a1Xw1N1pHAvkWCiXPRAqjvToILvguNyEwjevUqAuBQWvQ==

"@vue/tsconfig@^0.7.0":
  version "0.7.0"
  resolved "https://registry.npmjs.org/@vue/tsconfig/-/tsconfig-0.7.0.tgz"
  integrity sha512-ku2uNz5MaZ9IerPPUyOHzyjhXoX2kVJaVf7hL315DC17vS6IiZRmmCPfggNbU16QTvM80+uYYy3eYJB59WCtvg==

acorn@^8.8.2:
  version "8.14.0"

alien-signals@^1.0.3:
  version "1.0.13"
  resolved "https://registry.npmjs.org/alien-signals/-/alien-signals-1.0.13.tgz"
  integrity sha512-OGj9yyTnJEttvzhTUWuscOvtqxq5vrhF7vL9oS0xJ2mK0ItPYP1/y+vCFebfxoEyAz0++1AIwJ5CMr+Fk3nDmg==

balanced-match@^1.0.0:
  version "1.0.2"
  resolved "https://registry.npmjs.org/balanced-match/-/balanced-match-1.0.2.tgz"
  integrity sha512-3oSeUO0TMV67hN1AmbXsK4yaqU7tjiHlbxRDZOpH0KW9+CeX4bRAaX0Anxt0tx2MrpRpWwQaPwIlISEJhYU5Pw==

brace-expansion@^2.0.1:
  version "2.0.1"
  dependencies:
    balanced-match "^1.0.0"

buffer-from@^1.0.0:
  version "1.1.2"

commander@^2.20.0:
  version "2.20.3"

csstype@^3.1.3:
  version "3.1.3"

de-indent@^1.0.2:
  version "1.0.2"
  resolved "https://registry.npmjs.org/de-indent/-/de-indent-1.0.2.tgz"
  integrity sha512-e/1zu3xH5MQryN2zdVaF0OrdNLUbvWxzMbi+iNA6Bky7l1RoP8a2fIbRocyHclXt/arDrrR6lL3TqFD9pMQTsg==

entities@^7.0.1:
  version "7.0.1"
  resolved "https://registry.yarnpkg.com/entities/-/entities-7.0.1.tgz#26e8a88889db63417dcb9a1e79a3f1bc92b5976b"
  integrity sha512-TWrgLOFUQTH994YUyl1yT4uyavY5nNB5muff+RtWaqNVCAK408b5ZnnbNAUEWLTCpum9w6arT70i1XdQ4UeOPA==

esbuild@^0.27.0:
  version "0.27.2"
  resolved "https://registry.npmjs.org/esbuild/-/esbuild-0.27.2.tgz"
  integrity sha512-HyNQImnsOC7X9PMNaCIeAm4ISCQXs5a5YasTXVliKv4uuBo1dKrG0A+uQS8M5eXjVMnLg3WgXaKvprHlFJQffw==
  optionalDependencies:
    "@esbuild/aix-ppc64" "0.27.2"
    "@esbuild/android-arm" "0.27.2"
    "@esbuild/android-arm64" "0.27.2"
    "@esbuild/android-x64" "0.27.2"
    "@esbuild/darwin-arm64" "0.27.2"
    "@esbuild/darwin-x64" "0.27.2"
    "@esbuild/freebsd-arm64" "0.27.2"
    "@esbuild/freebsd-x64" "0.27.2"
    "@esbuild/linux-arm" "0.27.2"
    "@esbuild/linux-arm64" "0.27.2"
    "@esbuild/linux-ia32" "0.27.2"
    "@esbuild/linux-loong64" "0.27.2"
    "@esbuild/linux-mips64el" "0.27.2"
    "@esbuild/linux-ppc64" "0.27.2"
    "@esbuild/linux-riscv64" "0.27.2"
    "@esbuild/linux-s390x" "0.27.2"
    "@esbuild/linux-x64" "0.27.2"
    "@esbuild/netbsd-arm64" "0.27.2"
    "@esbuild/netbsd-x64" "0.27.2"
    "@esbuild/openbsd-arm64" "0.27.2"
    "@esbuild/openbsd-x64" "0.27.2"
    "@esbuild/openharmony-arm64" "0.27.2"
    "@esbuild/sunos-x64" "0.27.2"
    "@esbuild/win32-arm64" "0.27.2"
    "@esbuild/win32-ia32" "0.27.2"
    "@esbuild/win32-x64" "0.27.2"

estree-walker@^2.0.2:
  version "2.0.2"
  resolved "https://registry.npmjs.org/estree-walker/-/estree-walker-2.0.2.tgz"
  integrity sha512-Rfkk/Mp/DL7JVje3u18FxFujQlTNR2q6QfMSMB7AvCBx91NGj/ba3kCfza0f6dVDbw7YlRf/nDrn7pQrCCyQ/w==

fdir@^6.5.0:
  version "6.5.0"
  resolved "https://registry.npmjs.org/fdir/-/fdir-6.5.0.tgz"
  integrity sha512-tIbYtZbucOs0BRGqPJkshJUYdL+SDH7dVM8gjy+ERp3WAUjLEFJE+02kanyHtwjWOnwrKYBiwAmM0p4kLJAnXg==

he@^1.2.0:
  version "1.2.0"
  resolved "https://registry.npmjs.org/he/-/he-1.2.0.tgz"
  integrity sha512-F/1DnUGPopORZi0ni+CvrCgHQ5FyEAHRLSApuYWMmrbSwoN2Mn/7k+Gl38gJnR7yyDZk6WLXwiGod1JOWNDKGw==

magic-string@^0.30.11:
  version "0.30.17"
  dependencies:
    "@jridgewell/sourcemap-codec" "^1.5.0"

marked@^13.0.2:
  version "13.0.3"
  resolved "https://registry.npmjs.org/marked/-/marked-13.0.3.tgz"
  integrity sha512-rqRix3/TWzE9rIoFGIn8JmsVfhiuC8VIQ8IdX5TfzmeBucdY05/0UlzKaw0eVtpcN/OdVFpBk7CjKGo9iHJ/zA==

minimatch@^9.0.3:
  version "9.0.5"
  resolved "https://registry.npmjs.org/minimatch/-/minimatch-9.0.5.tgz"
  integrity sha512-G6T0ZX48xgozx7587koeX9Ys2NYy6Gmv//P89sEte9V9whIapMNF4idKxnW2QtCcLiTWlb/wfCabAtAFWhhBow==
  dependencies:
    brace-expansion "^2.0.1"

muggle-string@^0.4.1:
  version "0.4.1"
  resolved "https://registry.npmjs.org/muggle-string/-/muggle-string-0.4.1.tgz"
  integrity sha512-VNTrAak/KhO2i8dqqnqnAHOa3cYBwXEZe9h+D5h/1ZqFSTEFHdM65lR7RoIqq3tBBYavsOXV84NoHXZ0AkPyqQ==

nanoid@^3.3.11:
  version "3.3.11"
  resolved "https://registry.npmjs.org/nanoid/-/nanoid-3.3.11.tgz"
  integrity sha512-N8SpfPUnUp1bK+PMYW8qSWdl9U+wwNWI4QKxOYDy9JAro3WMX7p2OeVRF9v+347pnakNevPmiHhNmZ2HbFA76w==

path-browserify@^1.0.1:
  version "1.0.1"
  resolved "https://registry.npmjs.org/path-browserify/-/path-browserify-1.0.1.tgz"
  integrity sha512-b7uo2UCUOYZcnF/3ID0lulOJi/bafxa1xPe7ZPsammBSpjSWQkjNxlt635YGS2MiR9GjvuXCtz2emr3jbsz98g==

picocolors@^1.1.1:
  version "1.1.1"
  resolved "https://registry.npmjs.org/picocolors/-/picocolors-1.1.1.tgz"
  integrity sha512-xceH2snhtb5M9liqDsmEw56le376mTZkEX/jEb/RxNFyegNul7eNslCXP9FDj/Lcu0X8KEyMceP2ntpaHrDEVA==

"picomatch@^3 || ^4", picomatch@^4.0.3:
  version "4.0.3"
  resolved "https://registry.npmjs.org/picomatch/-/picomatch-4.0.3.tgz"
  integrity sha512-5gTmgEY/sqK6gFXLIsQNH19lWb4ebPDLA4SdLP7dsWkIXHWlG66oPuVvXSGFPppYZz8ZDZq0dYYrbHfBCVUb1Q==

playwright-core@1.57.0:
  version "1.57.0"
  resolved "https://registry.npmjs.org/playwright-core/-/playwright-core-1.57.0.tgz"
  integrity sha512-agTcKlMw/mjBWOnD6kFZttAAGHgi/Nw0CZ2o6JqWSbMlI219lAFLZZCyqByTsvVAJq5XA5H8cA6PrvBRpBWEuQ==

playwright@1.57.0:
  version "1.57.0"
  resolved "https://registry.npmjs.org/playwright/-/playwright-1.57.0.tgz"
  integrity sha512-ilYQj1s8sr2ppEJ2YVadYBN0Mb3mdo9J0wQ+UuDhzYqURwSoW4n1Xs5vs7ORwgDGmyEh33tRMeS8KhdkMoLXQw==
  dependencies:
    playwright-core "1.57.0"
  optionalDependencies:
    fsevents "2.3.2"

postcss@^8.4.48, postcss@^8.5.6:
  version "8.5.6"
  resolved "https://registry.npmjs.org/postcss/-/postcss-8.5.6.tgz"
  integrity sha512-3Ybi1tAuwAP9s0r1UQ2J4n5Y0G05bJkpUIO0/bI9MhwmD70S5aTWbXGBwxHrelT+XM1k6dM0pk+SwNkpTRN7Pg==
  dependencies:
    nanoid "^3.3.11"
    picocolors "^1.1.1"
    source-map-js "^1.2.1"

rollup@^4.43.0:
  version "4.55.1"
  resolved "https://registry.npmjs.org/rollup/-/rollup-4.55.1.tgz"
  integrity sha512-wDv/Ht1BNHB4upNbK74s9usvl7hObDnvVzknxqY/E/O3X6rW1U1rV1aENEfJ54eFZDTNo7zv1f5N4edCluH7+A==
  dependencies:
    "@types/estree" "1.0.8"
  optionalDependencies:
    "@rollup/rollup-android-arm-eabi" "4.55.1"
    "@rollup/rollup-android-arm64" "4.55.1"
    "@rollup/rollup-darwin-arm64" "4.55.1"
    "@rollup/rollup-darwin-x64" "4.55.1"
    "@rollup/rollup-freebsd-arm64" "4.55.1"
    "@rollup/rollup-freebsd-x64" "4.55.1"
    "@rollup/rollup-linux-arm-gnueabihf" "4.55.1"
    "@rollup/rollup-linux-arm-musleabihf" "4.55.1"
    "@rollup/rollup-linux-arm64-gnu" "4.55.1"
    "@rollup/rollup-linux-arm64-musl" "4.55.1"
    "@rollup/rollup-linux-loong64-gnu" "4.55.1"
    "@rollup/rollup-linux-loong64-musl" "4.55.1"
    "@rollup/rollup-linux-ppc64-gnu" "4.55.1"
    "@rollup/rollup-linux-ppc64-musl" "4.55.1"
    "@rollup/rollup-linux-riscv64-gnu" "4.55.1"
    "@rollup/rollup-linux-riscv64-musl" "4.55.1"
    "@rollup/rollup-linux-s390x-gnu" "4.55.1"
    "@rollup/rollup-linux-x64-gnu" "4.55.1"
    "@rollup/rollup-linux-x64-musl" "4.55.1"
    "@rollup/rollup-openbsd-x64" "4.55.1"
    "@rollup/rollup-openharmony-arm64" "4.55.1"
    "@rollup/rollup-win32-arm64-msvc" "4.55.1"
    "@rollup/rollup-win32-ia32-msvc" "4.55.1"
    "@rollup/rollup-win32-x64-gnu" "4.55.1"
    "@rollup/rollup-win32-x64-msvc" "4.55.1"
    fsevents "~2.3.2"

source-map-js@^1.2.0, source-map-js@^1.2.1:
  version "1.2.1"
  resolved "https://registry.npmjs.org/source-map-js/-/source-map-js-1.2.1.tgz"
  integrity sha512-UXWMKhLOwVKb728IUtQPXxfYU+usdybtUrK/8uGE8CQMvrhOpwvzDBwj0QhSL7MQc7vIsISBG8VQ8+IDQxpfQA==

source-map-support@~0.5.20:
  version "0.5.21"
  dependencies:
    buffer-from "^1.0.0"
    source-map "^0.6.0"

source-map@^0.6.0:
  version "0.6.1"

terser@^5.16.0:
  version "5.38.1"
  dependencies:
    "@jridgewell/source-map" "^0.3.3"
    acorn "^8.8.2"
    commander "^2.20.0"
    source-map-support "~0.5.20"

tinyglobby@^0.2.15:
  version "0.2.15"
  resolved "https://registry.npmjs.org/tinyglobby/-/tinyglobby-0.2.15.tgz"
  integrity sha512-j2Zq4NyQYG5XMST4cbs02Ak8iJUdxRM0XI5QyxXuZOzKOINmWurp3smXu3y5wDcJrptwpSjgXHzIQxR0omXljQ==
  dependencies:
    fdir "^6.5.0"
    picomatch "^4.0.3"

typescript@*, typescript@>=5.0.0, typescript@~5.7.2, typescript@5.x:
  version "5.7.3"
  resolved "https://registry.npmjs.org/typescript/-/typescript-5.7.3.tgz"
  integrity sha512-84MVSjMEHP+FQRPy3pX9sTVV/INIex71s9TL2Gm5FG/WG1SqXeKyZ0k7/blY/4FdOzI12CBy1vGc4og/eus0fw==

"vite@^5.0.0 || ^6.0.0 || ^7.0.0 || ^8.0.0-0", vite@^7.3.0:
  version "7.3.1"
  resolved "https://registry.npmjs.org/vite/-/vite-7.3.1.tgz"
  integrity sha512-w+N7Hifpc3gRjZ63vYBXA56dvvRlNWRczTdmCBBa+CotUzAPf5b7YMdMR/8CQoeYE5LX3W4wj6RYTgonm1b9DA==
  dependencies:
    esbuild "^0.27.0"
    fdir "^6.5.0"
    picomatch "^4.0.3"
    postcss "^8.5.6"
    rollup "^4.43.0"
    tinyglobby "^0.2.15"
  optionalDependencies:
    fsevents "~2.3.3"

vscode-uri@^3.0.8:
  version "3.1.0"
  resolved "https://registry.npmjs.org/vscode-uri/-/vscode-uri-3.1.0.tgz"
  integrity sha512-/BpdSx+yCQGnCvecbyXdxHDkuk55/G3xwnC0GqY4gmQ3j+A+g8kzzgB4Nk/SINjqn6+waqw3EgbVF2QKExkRxQ==

vue-router@^4.6.4:
  version "4.6.4"
  resolved "https://registry.npmjs.org/vue-router/-/vue-router-4.6.4.tgz"
  integrity sha512-Hz9q5sa33Yhduglwz6g9skT8OBPii+4bFn88w6J+J4MfEo4KRRpmiNG/hHHkdbRFlLBOqxN8y8gf2Fb0MTUgVg==
  dependencies:
    "@vue/devtools-api" "^6.6.4"

vue-tsc@^2.2.0:
  version "2.2.12"
  resolved "https://registry.npmjs.org/vue-tsc/-/vue-tsc-2.2.12.tgz"
  integrity sha512-P7OP77b2h/Pmk+lZdJ0YWs+5tJ6J2+uOQPo7tlBnY44QqQSPYvS0qVT4wqDJgwrZaLe47etJLLQRFia71GYITw==
  dependencies:
    "@volar/typescript" "2.4.15"
    "@vue/language-core" "2.2.12"

vue@^3.5.13:
  version "3.5.28"
  resolved "https://registry.yarnpkg.com/vue/-/vue-3.5.28.tgz#067ac9313d24d517c6d59ccbd9f0f6216cbdb00f"
  integrity sha512-BRdrNfeoccSoIZeIhyPBfvWSLFP4q8J3u8Ju8Ug5vu3LdD+yTM13Sg4sKtljxozbnuMu1NB1X5HBHRYUzFocKg==
  dependencies:
    "@vue/compiler-dom" "3.5.28"
    "@vue/compiler-sfc" "3.5.28"
    "@vue/runtime-dom" "3.5.28"
    "@vue/server-renderer" "3.5.28"
    "@vue/shared" "3.5.28"
